{
  "name": "corev-framework",
  "version": "1.0.0",
  "lockfileVersion": 1,
  "requires": true,
  "dependencies": {
    "@appguru/luafmt": {
      "version": "1.4.3",
      "resolved": "https://registry.npmjs.org/@appguru/luafmt/-/luafmt-1.4.3.tgz",
      "integrity": "sha512-YeVANBwXzsOMxbVnaysuMbOwzecMZ5WqSM/qAb5AO9Y7Wla/hdRZDzwl8PiiKtkIDTQa9WdzqzbX/fQpltRtpA==",
      "requires": {
        "luaparse": "^0.3.0",
        "luon": "^1.2.6",
        "lustils": "^1.0.2"
      }
    },
    "@types/commander": {
      "version": "2.12.2",
      "resolved": "https://registry.npmjs.org/@types/commander/-/commander-2.12.2.tgz",
      "integrity": "sha512-0QEFiR8ljcHp9bAbWxecjVRuAMr16ivPiGOw6KFQBVrVd0RQIcM3xKdRisH2EDWgVWujiYtHwhSkSUoAAGzH7Q==",
      "requires": {
        "commander": "*"
      }
    },
    "@types/diff": {
      "version": "3.5.3",
      "resolved": "https://registry.npmjs.org/@types/diff/-/diff-3.5.3.tgz",
      "integrity": "sha512-YrLagYnL+tfrgM7bQ5yW34pi5cg9pmh5Gbq2Lmuuh+zh0ZjmK2fU3896PtlpJT3IDG2rdkoG30biHJepgIsMnw=="
    },
    "@types/get-stdin": {
      "version": "5.0.1",
      "resolved": "https://registry.npmjs.org/@types/get-stdin/-/get-stdin-5.0.1.tgz",
      "integrity": "sha1-Rq+8rwnpT+Alr6B66ZSsMWitvfM=",
      "requires": {
        "@types/node": "*"
      }
    },
    "@types/node": {
      "version": "14.11.2",
      "resolved": "https://registry.npmjs.org/@types/node/-/node-14.11.2.tgz",
      "integrity": "sha512-jiE3QIxJ8JLNcb1Ps6rDbysDhN4xa8DJJvuC9prr6w+1tIh+QAbYyNF3tyiZNLDBIuBCf4KEcV2UvQm/V60xfA=="
    },
    "commander": {
      "version": "2.20.3",
      "resolved": "https://registry.npmjs.org/commander/-/commander-2.20.3.tgz",
      "integrity": "sha512-GpVkmM8vF2vQUkj2LvZmD35JxeJOLCwJ9cUkugyk2nuhbv3+mJvpLYYt+0+USMxE+oj+ey/lJEnhZw75x/OMcQ=="
    },
    "diff": {
      "version": "3.5.0",
      "resolved": "https://registry.npmjs.org/diff/-/diff-3.5.0.tgz",
      "integrity": "sha512-A46qtFgd+g7pDZinpnwiRJtxbC1hpgf0uzP3iG89scHk0AUC7A1TGxf5OiiOUv/JMZR8GOt8hL900hV0bOy5xA=="
    },
    "get-stdin": {
      "version": "5.0.1",
      "resolved": "https://registry.npmjs.org/get-stdin/-/get-stdin-5.0.1.tgz",
      "integrity": "sha1-Ei4WFZHiH/TFJTAwVpPyDmOTo5g="
    },
    "json2lua": {
      "version": "0.3.3",
      "resolved": "https://registry.npmjs.org/json2lua/-/json2lua-0.3.3.tgz",
      "integrity": "sha512-c8vrc7+lEDwoLMngnPXAzfa9SMUIySnvhdgR8rZ2/+QTNYBGGzT1zhorlBR67/LoBV8gsm8PIbDwyiaExQcaWA==",
      "requires": {
        "lodash": "^4.17.15"
      }
    },
    "lodash": {
      "version": "4.17.20",
      "resolved": "https://registry.npmjs.org/lodash/-/lodash-4.17.20.tgz",
      "integrity": "sha512-PlhdFcillOINfeV7Ni6oF1TAEayyZBoZ8bcshTHqOYJYlrqzRK5hagpagky5o4HfCzzd1TRkXPMFq6cKk9rGmA=="
    },
    "lua-fmt": {
      "version": "2.6.0",
      "resolved": "https://registry.npmjs.org/lua-fmt/-/lua-fmt-2.6.0.tgz",
      "integrity": "sha1-75rAVz0dpzMNygnAIsOaM67TR6M=",
      "requires": {
        "@types/commander": "^2.3.31",
        "@types/diff": "^3.2.0",
        "@types/get-stdin": "^5.0.0",
        "commander": "^2.9.0",
        "diff": "^3.3.0",
        "get-stdin": "^5.0.1",
        "luaparse": "github:oxyc/luaparse#ac42a00ebf4020b8c9d3219e4b0f84bf7ce6e802"
      },
      "dependencies": {
        "luaparse": {
          "version": "github:oxyc/luaparse#ac42a00ebf4020b8c9d3219e4b0f84bf7ce6e802",
          "from": "github:oxyc/luaparse#ac42a00ebf4020b8c9d3219e4b0f84bf7ce6e802"
        }
      }
    },
    "lua-json": {
      "version": "1.0.0",
      "resolved": "https://registry.npmjs.org/lua-json/-/lua-json-1.0.0.tgz",
      "integrity": "sha512-TrMvRPvrbOoPbEY79mIdZsMxwcEpzcUQ5iy9Vir6BmCOV9yOSkA3jHTFZklN1OUyx6F9o/dMLLS/Y6Urb063YQ==",
      "requires": {
        "lodash": "^4.17.11",
        "luaparse": "^0.2.1"
      },
      "dependencies": {
        "luaparse": {
          "version": "0.2.1",
          "resolved": "https://registry.npmjs.org/luaparse/-/luaparse-0.2.1.tgz",
          "integrity": "sha1-qo9WEysN6X0388mRqd9C4OF/ZWw="
        }
      }
    },
    "luaparse": {
      "version": "0.3.0",
      "resolved": "https://registry.npmjs.org/luaparse/-/luaparse-0.3.0.tgz",
      "integrity": "sha512-hrRXc3QJfZ0BfgOGgNfFaKM01zCjSP2y000WOG4jwl3s06vKzODIfqJ3QKSm64mS52ROpnRnfi756jJbDr59fw=="
    },
    "luon": {
      "version": "1.2.6",
      "resolved": "https://registry.npmjs.org/luon/-/luon-1.2.6.tgz",
      "integrity": "sha512-ATf51Ztg+XhOJHONphg+yh9ZMbGmRVWOggpiLXT0af010CIjJFAu+/wqKmKHuGwpjwSv04oo81HuKbDZ2c0JyA==",
      "requires": {
        "lustils": ">= 1.0.2"
      }
    },
    "lustils": {
      "version": "1.0.2",
      "resolved": "https://registry.npmjs.org/lustils/-/lustils-1.0.2.tgz",
      "integrity": "sha512-YnCXFRj6prZX2f7rVCfA3U/yw6z7D0YYoy0Os60jlGUhaAYTRHheH0T7X3squDGArJ9+WLtt/1b/wy5eAREBZg=="
    }
  }
}
